
Microsoft Visual Studio Solution File, Format Version 12.00
# Visual Studio Version 16
VisualStudioVersion = 16.0.29609.76
MinimumVisualStudioVersion = 10.0.40219.1
Project("{9A19103F-16F7-4668-BE54-9A1E7A4F7556}") = "DemoApp", "DemoApp.csproj", "{2A284064-FD32-41E6-9335-F2BD1997CA5B}"
EndProject
Project("{FAE04EC0-301F-11D3-BF4B-00C04F79EFBC}") = "UnitTestProject", "..\UnitTestProject\UnitTestProject.csproj", "{F27C4823-B2D8-4F9F-B800-959B027A654A}"
EndProject
Global
	GlobalSection(SolutionConfigurationPlatforms) = preSolution
		Debug|Any CPU = Debug|Any CPU
		Release|Any CPU = Release|Any CPU
	EndGlobalSection
	GlobalSection(ProjectConfigurationPlatforms) = postSolution
		{2A284064-FD32-41E6-9335-F2BD1997CA5B}.Debug|Any CPU.ActiveCfg = Debug|Any CPU
		{2A284064-FD32-41E6-9335-F2BD1997CA5B}.Debug|Any CPU.Build.0 = Debug|Any CPU
		{2A284064-FD32-41E6-9335-F2BD1997CA5B}.Release|Any CPU.ActiveCfg = Release|Any CPU
		{2A284064-FD32-41E6-9335-F2BD1997CA5B}.Release|Any CPU.Build.0 = Release|Any CPU
		{F27C4823-B2D8-4F9F-B800-959B027A654A}.Debug|Any CPU.ActiveCfg = Debug|Any CPU
		{F27C4823-B2D8-4F9F-B800-959B027A654A}.Debug|Any CPU.Build.0 = Debug|Any CPU
		{F27C4823-B2D8-4F9F-B800-959B027A654A}.Release|Any CPU.ActiveCfg = Release|Any CPU
		{F27C4823-B2D8-4F9F-B800-959B027A654A}.Release|Any CPU.Build.0 = Release|Any CPU
	EndGlobalSection
	GlobalSection(SolutionProperties) = preSolution
		HideSolutionNode = FALSE
	EndGlobalSection
	GlobalSection(ExtensibilityGlobals) = postSolution
		SolutionGuid = {E6CB0621-FC8B-4584-A014-7EDC695533B3}
	EndGlobalSection
EndGlobal
